<?xml version="1.0" encoding="utf-8"?>
<Project ToolsVersion="16.0" xmlns="http://schemas.microsoft.com/developer/msbuild/2003">
  <ItemGroup>
    <ClCompile Include="E:\cmake_learn_project\Tutorial\Step1\tutorial.cxx">
      <Filter>Source Files</Filter>
    </ClCompile>
  </ItemGroup>
  <ItemGroup>
    <CustomBuild Include="E:\cmake_learn_project\Tutorial\Step1\CMakeLists.txt" />
  </ItemGroup>
  <ItemGroup>
    <Filter Include="Source Files">
      <UniqueIdentifier>{665ACE49-0565-37C4-A8BD-C9AE4FEA5050}</UniqueIdentifier>
    </Filter>
  </ItemGroup>
</Project>
