<?xml version="1.0" encoding="utf-8"?>
<Project ToolsVersion="16.0" xmlns="http://schemas.microsoft.com/developer/msbuild/2003">
  <ItemGroup>
    <CustomBuild Include="E:\cmake_learn_project\Tutorial\Step1\Step1_build\CMakeFiles\cacc5339b8a1cf2b97d077b13a41f659\generate.stamp.rule">
      <Filter>CMake Rules</Filter>
    </CustomBuild>
  </ItemGroup>
  <ItemGroup>
    <Filter Include="CMake Rules">
      <UniqueIdentifier>{E94AE478-9869-3ACA-9FB0-A399051D7C86}</UniqueIdentifier>
    </Filter>
  </ItemGroup>
</Project>
